{"1.1.0",
[{<<"basin">>,
  {git,"git@bitbros.com:/basin",
       {ref,"9875c4ccb30bd16fb0c10076b13428fe6d87f547"}},
  0},
 {<<"cowlib">>,
  {git,"https://github.com/ninenines/cowlib",
       {ref,"b1ca51bc78d9e974014e70b820c9296db4ecb4f1"}},
  1},
 {<<"eleveldb">>,
  {git,"https://github.com/basho/eleveldb.git",
       {ref,"3585ada6fd3c63ac006be6255e400b401dee872c"}},
  1},
 {<<"goldrush">>,{pkg,<<"goldrush">>,<<"0.1.9">>},1},
 {<<"gpb">>,
  {git,"https://github.com/tomas-abrahamsson/gpb.git",
       {ref,"378d1fd51f2b94d8ecf0d8b370e1e078c7160735"}},
  1},
 {<<"gun">>,
  {git,"https://github.com/ninenines/gun.git",
       {ref,"e7dd9f227e46979d8073e71c683395a809b78cb4"}},
  0},
 {<<"lager">>,
  {git,"https://github.com/erlang-lager/lager.git",
       {ref,"1c0ab772df0535d46a4467857954ee4dcf7f3078"}},
  0},
 {<<"maxwell_protocol">>,
  {git,"git@bitbros.com:/maxwell-protocol-erlang",
       {ref,"ea81ddf60f712d1eb632a70f126681f7d731babe"}},
  0},
 {<<"msgpack">>,
  {git,"https://github.com/msgpack/msgpack-erlang.git",
       {ref,"a1e015d35166baa80e55b38b95d02a1b149fe524"}},
  1}]}.
[
{pkg_hash,[
 {<<"goldrush">>, <<"F06E5D5F1277DA5C413E84D5A2924174182FB108DABB39D5EC548B27424CD106">>}]}
].
